
Microsoft Visual Studio Solution File, Format Version 12.00
# Visual Studio Version 17
VisualStudioVersion = 17.2.32526.322
MinimumVisualStudioVersion = 10.0.40219.1
Project("{FAE04EC0-301F-11D3-BF4B-00C04F79EFBC}") = "HotelListing.API", "HotelListing.API\HotelListing.API.csproj", "{88638FF4-F29F-4C8A-9ED7-7A6C8C353598}"
EndProject
Global
	GlobalSection(SolutionConfigurationPlatforms) = preSolution
		Debug|Any CPU = Debug|Any CPU
		Release|Any CPU = Release|Any CPU
	EndGlobalSection
	GlobalSection(ProjectConfigurationPlatforms) = postSolution
		{88638FF4-F29F-4C8A-9ED7-7A6C8C353598}.Debug|Any CPU.ActiveCfg = Debug|Any CPU
		{88638FF4-F29F-4C8A-9ED7-7A6C8C353598}.Debug|Any CPU.Build.0 = Debug|Any CPU
		{88638FF4-F29F-4C8A-9ED7-7A6C8C353598}.Release|Any CPU.ActiveCfg = Release|Any CPU
		{88638FF4-F29F-4C8A-9ED7-7A6C8C353598}.Release|Any CPU.Build.0 = Release|Any CPU
	EndGlobalSection
	GlobalSection(SolutionProperties) = preSolution
		HideSolutionNode = FALSE
	EndGlobalSection
	GlobalSection(ExtensibilityGlobals) = postSolution
		SolutionGuid = {506FE919-96FF-469C-AD68-0520EA1D4660}
	EndGlobalSection
EndGlobal
